%{
  "checkov": {:hex, :checkov, "1.0.0", "cecf1be22ea506b2fbd6741d7c00f4876bb2be76ea1b95493c25b51028f24410", [:mix], [], "hexpm", "9fa85e6fdf1bcec2dd0d996d0c1e5a83e336dafb97c931232af1cb1e7ef4420a"},
  "libgraph": {:hex, :libgraph, "0.13.3", "20732b7bafb933dcf7351c479e03076ebd14a85fd3202c67a1c197f4f7c2466b", [:mix], [], "hexpm", "78f2576eef615440b46f10060b1de1c86640441422832052686df53dc3c148c6"},
}
